
Microsoft Visual Studio Solution File, Format Version 12.00
# Visual Studio Version 16
VisualStudioVersion = 16.0.31402.337
MinimumVisualStudioVersion = 10.0.40219.1
Project("{2150E333-8FDC-42A3-9474-1A3956D46DE8}") = "CleanArch.Application", "CleanArch.Application", "{852F4EFF-C833-4FAC-9F1D-2C492BEE4D12}"
EndProject
Project("{2150E333-8FDC-42A3-9474-1A3956D46DE8}") = "CleanArch.Domain", "CleanArch.Domain", "{C10104BF-2FE7-40DF-AA68-E3708596536C}"
EndProject
Project("{2150E333-8FDC-42A3-9474-1A3956D46DE8}") = "CleanArch.Infra.IoC", "CleanArch.Infra.IoC", "{1D3967E2-BA2A-4D07-8CBE-C85F87C6AF70}"
EndProject
Project("{2150E333-8FDC-42A3-9474-1A3956D46DE8}") = "CleanArch.Infra.Data", "CleanArch.Infra.Data", "{AAD6236B-A957-451F-8424-B942CAF7B93D}"
EndProject
Project("{2150E333-8FDC-42A3-9474-1A3956D46DE8}") = "CleanArch.UI.MVC", "CleanArch.UI.MVC", "{68B85CD5-3ACE-473A-AA58-DF76BAE600D1}"
EndProject
Project("{FAE04EC0-301F-11D3-BF4B-00C04F79EFBC}") = "CleanArch.Mvc", "CleanArch.Mvc\CleanArch.Mvc.csproj", "{17A8772B-AE04-44F8-8847-233CC9550720}"
EndProject
Global
	GlobalSection(SolutionConfigurationPlatforms) = preSolution
		Debug|Any CPU = Debug|Any CPU
		Release|Any CPU = Release|Any CPU
	EndGlobalSection
	GlobalSection(ProjectConfigurationPlatforms) = postSolution
		{17A8772B-AE04-44F8-8847-233CC9550720}.Debug|Any CPU.ActiveCfg = Debug|Any CPU
		{17A8772B-AE04-44F8-8847-233CC9550720}.Debug|Any CPU.Build.0 = Debug|Any CPU
		{17A8772B-AE04-44F8-8847-233CC9550720}.Release|Any CPU.ActiveCfg = Release|Any CPU
		{17A8772B-AE04-44F8-8847-233CC9550720}.Release|Any CPU.Build.0 = Release|Any CPU
	EndGlobalSection
	GlobalSection(SolutionProperties) = preSolution
		HideSolutionNode = FALSE
	EndGlobalSection
	GlobalSection(NestedProjects) = preSolution
		{17A8772B-AE04-44F8-8847-233CC9550720} = {68B85CD5-3ACE-473A-AA58-DF76BAE600D1}
	EndGlobalSection
	GlobalSection(ExtensibilityGlobals) = postSolution
		SolutionGuid = {76880A4F-7D89-44E8-B6EA-B12B56029076}
	EndGlobalSection
EndGlobal
